// !$*UTF8*$!
{
	archiveVersion = 1;
	classes = {
	};
	objectVersion = 46;
	objects = {

/* Begin PBXBuildFile section */
		96B73E941EF522B400AC3962 /* main.m in Sources */ = {isa = PBXBuildFile; fileRef = 96B73E931EF522B400AC3962 /* main.m */; };
		96B73E971EF522B400AC3962 /* AppDelegate.m in Sources */ = {isa = PBXBuildFile; fileRef = 96B73E961EF522B400AC3962 /* AppDelegate.m */; };
		96B73E9A1EF522B400AC3962 /* ViewController.m in Sources */ = {isa = PBXBuildFile; fileRef = 96B73E991EF522B400AC3962 /* ViewController.m */; };
		96B73E9D1EF522B400AC3962 /* Main.storyboard in Resources */ = {isa = PBXBuildFile; fileRef = 96B73E9B1EF522B400AC3962 /* Main.storyboard */; };
		96B73E9F1EF522B400AC3962 /* Assets.xcassets in Resources */ = {isa = PBXBuildFile; fileRef = 96B73E9E1EF522B400AC3962 /* Assets.xcassets */; };
		96B73EA21EF522B400AC3962 /* LaunchScreen.storyboard in Resources */ = {isa = PBXBuildFile; fileRef = 96B73EA01EF522B400AC3962 /* LaunchScreen.storyboard */; };
/* End PBXBuildFile section */

/* Begin PBXFileReference section */
		96B73E8F1EF522B400AC3962 /* testcocoapods6.app */ = {isa = PBXFileReference; explicitFileType = wrapper.application; includeInIndex = 0; path = testcocoapods6.app; sourceTree = BUILT_PRODUCTS_DIR; };
		96B73E931EF522B400AC3962 /* main.m */ = {isa = PBXFileReference; lastKnownFileType = sourcecode.c.objc; path = main.m; sourceTree = "<group>"; };
		96B73E951EF522B400AC3962 /* AppDelegate.h */ = {isa = PBXFileReference; lastKnownFileType = sourcecode.c.h; path = AppDelegate.h; sourceTree = "<group>"; };
		96B73E961EF522B400AC3962 /* AppDelegate.m */ = {isa = PBXFileReference; lastKnownFileType = sourcecode.c.objc; path = AppDelegate.m; sourceTree = "<group>"; };
		96B73E981EF522B400AC3962 /* ViewController.h */ = {isa = PBXFileReference; lastKnownFileType = sourcecode.c.h; path = ViewController.h; sourceTree = "<group>"; };
		96B73E991EF522B400AC3962 /* ViewController.m */ = {isa = PBXFileReference; lastKnownFileType = sourcecode.c.objc; path = ViewController.m; sourceTree = "<group>"; };
		96B73E9C1EF522B400AC3962 /* Base */ = {isa = PBXFileReference; lastKnownFileType = file.storyboard; name = Base; path = Base.lproj/Main.storyboard; sourceTree = "<group>"; };
		96B73E9E1EF522B400AC3962 /* Assets.xcassets */ = {isa = PBXFileReference; lastKnownFileType = folder.assetcatalog; path = Assets.xcassets; sourceTree = "<group>"; };
		96B73EA11EF522B400AC3962 /* Base */ = {isa = PBXFileReference; lastKnownFileType = file.storyboard; name = Base; path = Base.lproj/LaunchScreen.storyboard; sourceTree = "<group>"; };
		96B73EA31EF522B400AC3962 /* Info.plist */ = {isa = PBXFileReference; lastKnownFileType = text.plist.xml; path = Info.plist; sourceTree = "<group>"; };
/* End PBXFileReference section */

/* Begin PBXFrameworksBuildPhase section */
		96B73E8C1EF522B400AC3962 /* Frameworks */ = {
			isa = PBXFrameworksBuildPhase;
			buildActionMask = 2147483647;
			files = (
			);
			runOnlyForDeploymentPostprocessing = 0;
		};
/* End PBXFrameworksBuildPhase section */

/* Begin PBXGroup section */
		96B73E861EF522B400AC3962 = {
			isa = PBXGroup;
			children = (
				96B73E911EF522B400AC3962 /* testcocoapods6 */,
				96B73E901EF522B400AC3962 /* Products */,
			);
			sourceTree = "<group>";
		};
		96B73E901EF522B400AC3962 /* Products */ = {
			isa = PBXGroup;
			children = (
				96B73E8F1EF522B400AC3962 /* testcocoapods6.app */,
			);
			name = Products;
			sourceTree = "<group>";
		};
		96B73E911EF522B400AC3962 /* testcocoapods6 */ = {
			isa = PBXGroup;
			children = (
				96B73E951EF522B400AC3962 /* AppDelegate.h */,
				96B73E961EF522B400AC3962 /* AppDelegate.m */,
				96B73E981EF522B400AC3962 /* ViewController.h */,
				96B73E991EF522B400AC3962 /* ViewController.m */,
				96B73E9B1EF522B400AC3962 /* Main.storyboard */,
				96B73E9E1EF522B400AC3962 /* Assets.xcassets */,
				96B73EA01EF522B400AC3962 /* LaunchScreen.storyboard */,
				96B73EA31EF522B400AC3962 /* Info.plist */,
				96B73E921EF522B400AC3962 /* Supporting Files */,
			);
			path = testcocoapods6;
			sourceTree = "<group>";
		};
		96B73E921EF522B400AC3962 /* Supporting Files */ = {
			isa = PBXGroup;
			children = (
				96B73E931EF522B400AC3962 /* main.m */,
			);
			name = "Supporting Files";
			sourceTree = "<group>";
		};
/* End PBXGroup section */

/* Begin PBXNativeTarget section */
		96B73E8E1EF522B400AC3962 /* testcocoapods6 */ = {
			isa = PBXNativeTarget;
			buildConfigurationList = 96B73EA61EF522B400AC3962 /* Build configuration list for PBXNativeTarget "testcocoapods6" */;
			buildPhases = (
				96B73E8B1EF522B400AC3962 /* Sources */,
				96B73E8C1EF522B400AC3962 /* Frameworks */,
				96B73E8D1EF522B400AC3962 /* Resources */,
			);
			buildRules = (
			);
			dependencies = (
			);
			name = testcocoapods6;
			productName = testcocoapods6;
			productReference = 96B73E8F1EF522B400AC3962 /* testcocoapods6.app */;
			productType = "com.apple.product-type.application";
		};
/* End PBXNativeTarget section */

/* Begin PBXProject section */
		96B73E871EF522B400AC3962 /* Project object */ = {
			isa = PBXProject;
			attributes = {
				LastUpgradeCheck = 0820;
				TargetAttributes = {
					96B73E8E1EF522B400AC3962 = {
						CreatedOnToolsVersion = 8.2.1;
						DevelopmentTeam = NK22HY3LBA;
						ProvisioningStyle = Automatic;
					};
				};
			};
			buildConfigurationList = 96B73E8A1EF522B400AC3962 /* Build configuration list for PBXProject "testcocoapods6" */;
			compatibilityVersion = "Xcode 3.2";
			developmentRegion = English;
			hasScannedForEncodings = 0;
			knownRegions = (
				en,
				Base,
			);
			mainGroup = 96B73E861EF522B400AC3962;
			productRefGroup = 96B73E901EF522B400AC3962 /* Products */;
			projectDirPath = "";
			projectRoot = "";
			targets = (
				96B73E8E1EF522B400AC3962 /* testcocoapods6 */,
			);
		};
/* End PBXProject section */

/* Begin PBXResourcesBuildPhase section */
		96B73E8D1EF522B400AC3962 /* Resources */ = {
			isa = PBXResourcesBuildPhase;
			buildActionMask = 2147483647;
			files = (
				96B73EA21EF522B400AC3962 /* LaunchScreen.storyboard in Resources */,
				96B73E9F1EF522B400AC3962 /* Assets.xcassets in Resources */,
				96B73E9D1EF522B400AC3962 /* Main.storyboard in Resources */,
			);
			runOnlyForDeploymentPostprocessing = 0;
		};
/* End PBXResourcesBuildPhase section */

/* Begin PBXSourcesBuildPhase section */
		96B73E8B1EF522B400AC3962 /* Sources */ = {
			isa = PBXSourcesBuildPhase;
			buildActionMask = 2147483647;
			files = (
				96B73E9A1EF522B400AC3962 /* ViewController.m in Sources */,
				96B73E971EF522B400AC3962 /* AppDelegate.m in Sources */,
				96B73E941EF522B400AC3962 /* main.m in Sources */,
			);
			runOnlyForDeploymentPostprocessing = 0;
		};
/* End PBXSourcesBuildPhase section */

/* Begin PBXVariantGroup section */
		96B73E9B1EF522B400AC3962 /* Main.storyboard */ = {
			isa = PBXVariantGroup;
			children = (
				96B73E9C1EF522B400AC3962 /* Base */,
			);
			name = Main.storyboard;
			sourceTree = "<group>";
		};
		96B73EA01EF522B400AC3962 /* LaunchScreen.storyboard */ = {
			isa = PBXVariantGroup;
			children = (
				96B73EA11EF522B400AC3962 /* Base */,
			);
			name = LaunchScreen.storyboard;
			sourceTree = "<group>";
		};
/* End PBXVariantGroup section */

/* Begin XCBuildConfiguration section */
		96B73EA41EF522B400AC3962 /* Debug */ = {
			isa = XCBuildConfiguration;
			buildSettings = {
				ALWAYS_SEARCH_USER_PATHS = NO;
				CLANG_ANALYZER_NONNULL = YES;
				CLANG_CXX_LANGUAGE_STANDARD = "gnu++0x";
				CLANG_CXX_LIBRARY = "libc++";
				CLANG_ENABLE_MODULES = YES;
				CLANG_ENABLE_OBJC_ARC = YES;
				CLANG_WARN_BOOL_CONVERSION = YES;
				CLANG_WARN_CONSTANT_CONVERSION = YES;
				CLANG_WARN_DIRECT_OBJC_ISA_USAGE = YES_ERROR;
				CLANG_WARN_DOCUMENTATION_COMMENTS = YES;
				CLANG_WARN_EMPTY_BODY = YES;
				CLANG_WARN_ENUM_CONVERSION = YES;
				CLANG_WARN_INFINITE_RECURSION = YES;
				CLANG_WARN_INT_CONVERSION = YES;
				CLANG_WARN_OBJC_ROOT_CLASS = YES_ERROR;
				CLANG_WARN_SUSPICIOUS_MOVE = YES;
				CLANG_WARN_UNREACHABLE_CODE = YES;
				CLANG_WARN__DUPLICATE_METHOD_MATCH = YES;
				"CODE_SIGN_IDENTITY[sdk=iphoneos*]" = "iPhone Developer";
				COPY_PHASE_STRIP = NO;
				DEBUG_INFORMATION_FORMAT = dwarf;
				ENABLE_STRICT_OBJC_MSGSEND = YES;
				ENABLE_TESTABILITY = YES;
				GCC_C_LANGUAGE_STANDARD = gnu99;
				GCC_DYNAMIC_NO_PIC = NO;
				GCC_NO_COMMON_BLOCKS = YES;
				GCC_OPTIMIZATION_LEVEL = 0;
				GCC_PREPROCESSOR_DEFINITIONS = (
					"DEBUG=1",
					"$(inherited)",
				);
				GCC_WARN_64_TO_32_BIT_CONVERSION = YES;
				GCC_WARN_ABOUT_RETURN_TYPE = YES_ERROR;
				GCC_WARN_UNDECLARED_SELECTOR = YES;
				GCC_WARN_UNINITIALIZED_AUTOS = YES_AGGRESSIVE;
				GCC_WARN_UNUSED_FUNCTION = YES;
				GCC_WARN_UNUSED_VARIABLE = YES;
				IPHONEOS_DEPLOYMENT_TARGET = 10.2;
				MTL_ENABLE_DEBUG_INFO = YES;
				ONLY_ACTIVE_ARCH = YES;
				SDKROOT = iphoneos;
			};
			name = Debug;
		};
		96B73EA51EF522B400AC3962 /* Release */ = {
			isa = XCBuildConfiguration;
			buildSettings = {
				ALWAYS_SEARCH_USER_PATHS = NO;
				CLANG_ANALYZER_NONNULL = YES;
				CLANG_CXX_LANGUAGE_STANDARD = "gnu++0x";
				CLANG_CXX_LIBRARY = "libc++";
				CLANG_ENABLE_MODULES = YES;
				CLANG_ENABLE_OBJC_ARC = YES;
				CLANG_WARN_BOOL_CONVERSION = YES;
				CLANG_WARN_CONSTANT_CONVERSION = YES;
				CLANG_WARN_DIRECT_OBJC_ISA_USAGE = YES_ERROR;
				CLANG_WARN_DOCUMENTATION_COMMENTS = YES;
				CLANG_WARN_EMPTY_BODY = YES;
				CLANG_WARN_ENUM_CONVERSION = YES;
				CLANG_WARN_INFINITE_RECURSION = YES;
				CLANG_WARN_INT_CONVERSION = YES;
				CLANG_WARN_OBJC_ROOT_CLASS = YES_ERROR;
				CLANG_WARN_SUSPICIOUS_MOVE = YES;
				CLANG_WARN_UNREACHABLE_CODE = YES;
				CLANG_WARN__DUPLICATE_METHOD_MATCH = YES;
				"CODE_SIGN_IDENTITY[sdk=iphoneos*]" = "iPhone Developer";
				COPY_PHASE_STRIP = NO;
				DEBUG_INFORMATION_FORMAT = "dwarf-with-dsym";
				ENABLE_NS_ASSERTIONS = NO;
				ENABLE_STRICT_OBJC_MSGSEND = YES;
				GCC_C_LANGUAGE_STANDARD = gnu99;
				GCC_NO_COMMON_BLOCKS = YES;
				GCC_WARN_64_TO_32_BIT_CONVERSION = YES;
				GCC_WARN_ABOUT_RETURN_TYPE = YES_ERROR;
				GCC_WARN_UNDECLARED_SELECTOR = YES;
				GCC_WARN_UNINITIALIZED_AUTOS = YES_AGGRESSIVE;
				GCC_WARN_UNUSED_FUNCTION = YES;
				GCC_WARN_UNUSED_VARIABLE = YES;
				IPHONEOS_DEPLOYMENT_TARGET = 10.2;
				MTL_ENABLE_DEBUG_INFO = NO;
				SDKROOT = iphoneos;
				VALIDATE_PRODUCT = YES;
			};
			name = Release;
		};
		96B73EA71EF522B400AC3962 /* Debug */ = {
			isa = XCBuildConfiguration;
			buildSettings = {
				ASSETCATALOG_COMPILER_APPICON_NAME = AppIcon;
				CODE_SIGN_IDENTITY = "iPhone Developer";
				DEVELOPMENT_TEAM = NK22HY3LBA;
				INFOPLIST_FILE = testcocoapods6/Info.plist;
				LD_RUNPATH_SEARCH_PATHS = "$(inherited) @executable_path/Frameworks";
				PRODUCT_BUNDLE_IDENTIFIER = com.letv.iphone.client;
				PRODUCT_NAME = "$(TARGET_NAME)";
			};
			name = Debug;
		};
		96B73EA81EF522B400AC3962 /* Release */ = {
			isa = XCBuildConfiguration;
			buildSettings = {
				ASSETCATALOG_COMPILER_APPICON_NAME = AppIcon;
				CODE_SIGN_IDENTITY = "iPhone Developer";
				DEVELOPMENT_TEAM = NK22HY3LBA;
				INFOPLIST_FILE = testcocoapods6/Info.plist;
				LD_RUNPATH_SEARCH_PATHS = "$(inherited) @executable_path/Frameworks";
				PRODUCT_BUNDLE_IDENTIFIER = com.letv.iphone.client;
				PRODUCT_NAME = "$(TARGET_NAME)";
			};
			name = Release;
		};
/* End XCBuildConfiguration section */

/* Begin XCConfigurationList section */
		96B73E8A1EF522B400AC3962 /* Build configuration list for PBXProject "testcocoapods6" */ = {
			isa = XCConfigurationList;
			buildConfigurations = (
				96B73EA41EF522B400AC3962 /* Debug */,
				96B73EA51EF522B400AC3962 /* Release */,
			);
			defaultConfigurationIsVisible = 0;
			defaultConfigurationName = Release;
		};
		96B73EA61EF522B400AC3962 /* Build configuration list for PBXNativeTarget "testcocoapods6" */ = {
			isa = XCConfigurationList;
			buildConfigurations = (
				96B73EA71EF522B400AC3962 /* Debug */,
				96B73EA81EF522B400AC3962 /* Release */,
			);
			defaultConfigurationIsVisible = 0;
		};
/* End XCConfigurationList section */
	};
	rootObject = 96B73E871EF522B400AC3962 /* Project object */;
}
